
Microsoft Visual Studio Solution File, Format Version 12.00
# Visual Studio Version 17
VisualStudioVersion = 17.7.34031.279
MinimumVisualStudioVersion = 10.0.40219.1
Project("{888888A0-9F3D-457C-B088-3A5042F75D52}") = "actividad1pyton", "actividad1pyton\actividad1pyton.pyproj", "{EDBEC868-A794-4DC5-AFAA-CF2A2AB1893C}"
EndProject
Global
	GlobalSection(SolutionConfigurationPlatforms) = preSolution
		Debug|Any CPU = Debug|Any CPU
		Release|Any CPU = Release|Any CPU
	EndGlobalSection
	GlobalSection(ProjectConfigurationPlatforms) = postSolution
		{EDBEC868-A794-4DC5-AFAA-CF2A2AB1893C}.Debug|Any CPU.ActiveCfg = Debug|Any CPU
		{EDBEC868-A794-4DC5-AFAA-CF2A2AB1893C}.Release|Any CPU.ActiveCfg = Release|Any CPU
	EndGlobalSection
	GlobalSection(SolutionProperties) = preSolution
		HideSolutionNode = FALSE
	EndGlobalSection
	GlobalSection(ExtensibilityGlobals) = postSolution
		SolutionGuid = {20BF7AB3-9B03-4FDD-94C7-26632963C2DD}
	EndGlobalSection
EndGlobal
